
Microsoft Visual Studio Solution File, Format Version 12.00
# Visual Studio Version 16
VisualStudioVersion = 16.0.29209.62
MinimumVisualStudioVersion = 10.0.40219.1
Project("{FAE04EC0-301F-11D3-BF4B-00C04F79EFBC}") = "TypescriptSampleProject", "TypescriptSampleProject\TypescriptSampleProject.csproj", "{034F06CA-F972-4735-AC03-6464C0375FDC}"
EndProject
Global
	GlobalSection(SolutionConfigurationPlatforms) = preSolution
		Debug|Any CPU = Debug|Any CPU
		Release|Any CPU = Release|Any CPU
	EndGlobalSection
	GlobalSection(ProjectConfigurationPlatforms) = postSolution
		{034F06CA-F972-4735-AC03-6464C0375FDC}.Debug|Any CPU.ActiveCfg = Debug|Any CPU
		{034F06CA-F972-4735-AC03-6464C0375FDC}.Debug|Any CPU.Build.0 = Debug|Any CPU
		{034F06CA-F972-4735-AC03-6464C0375FDC}.Release|Any CPU.ActiveCfg = Release|Any CPU
		{034F06CA-F972-4735-AC03-6464C0375FDC}.Release|Any CPU.Build.0 = Release|Any CPU
	EndGlobalSection
	GlobalSection(SolutionProperties) = preSolution
		HideSolutionNode = FALSE
	EndGlobalSection
	GlobalSection(ExtensibilityGlobals) = postSolution
		SolutionGuid = {22BF6F8C-5628-4C5C-9108-64A7F441407B}
	EndGlobalSection
EndGlobal
